
Microsoft Visual Studio Solution File, Format Version 12.00
# Visual Studio 14
VisualStudioVersion = 14.0.25420.1
MinimumVisualStudioVersion = 10.0.40219.1
Project("{159641D6-6404-4A2A-AE62-294DE0FE8301}") = "WorkPlaceImportDataHRMSandOA", "WorkPlaceImportDataHRMSandOA\WorkPlaceImportDataHRMSandOA.dtproj", "{57287E56-6B9C-412B-904D-61D62C18E7D0}"
EndProject
Global
	GlobalSection(SolutionConfigurationPlatforms) = preSolution
		Development|Default = Development|Default
	EndGlobalSection
	GlobalSection(ProjectConfigurationPlatforms) = postSolution
		{57287E56-6B9C-412B-904D-61D62C18E7D0}.Development|Default.ActiveCfg = Development
		{57287E56-6B9C-412B-904D-61D62C18E7D0}.Development|Default.Build.0 = Development
	EndGlobalSection
	GlobalSection(SolutionProperties) = preSolution
		HideSolutionNode = FALSE
	EndGlobalSection
	GlobalSection(TeamFoundationVersionControl) = preSolution
		SccNumberOfProjects = 2
		SccEnterpriseProvider = {4CA58AB2-18FA-4F8D-95D4-32DDF27D184C}
		SccTeamFoundationServer = http://172.26.78.16:8080/tfs/bblcollection
		SccLocalPath0 = .
		SccProjectUniqueName1 = WorkPlaceImportDataHRMSandOA\\WorkPlaceImportDataHRMSandOA.dtproj
		SccProjectName1 = WorkPlaceImportDataHRMSandOA
		SccLocalPath1 = WorkPlaceImportDataHRMSandOA
	EndGlobalSection
EndGlobal
